// !$*UTF8*$!
{
	archiveVersion = 1;
	classes = {
	};
	objectVersion = 56;
	objects = {

/* Begin PBXBuildFile section */
		57C97FBC2AFA88D300435AE7 /* AppDelegate.swift in Sources */ = {isa = PBXBuildFile; fileRef = 57C97FBB2AFA88D300435AE7 /* AppDelegate.swift */; };
		57C97FBE2AFA88D300435AE7 /* SceneDelegate.swift in Sources */ = {isa = PBXBuildFile; fileRef = 57C97FBD2AFA88D300435AE7 /* SceneDelegate.swift */; };
		57C97FC02AFA88D300435AE7 /* ShoppingViewController.swift in Sources */ = {isa = PBXBuildFile; fileRef = 57C97FBF2AFA88D300435AE7 /* ShoppingViewController.swift */; };
		57C97FC52AFA88D700435AE7 /* Assets.xcassets in Resources */ = {isa = PBXBuildFile; fileRef = 57C97FC42AFA88D700435AE7 /* Assets.xcassets */; };
		57C97FC82AFA88D700435AE7 /* LaunchScreen.storyboard in Resources */ = {isa = PBXBuildFile; fileRef = 57C97FC62AFA88D700435AE7 /* LaunchScreen.storyboard */; };
		57C97FD12AFA893500435AE7 /* RxCocoa in Frameworks */ = {isa = PBXBuildFile; productRef = 57C97FD02AFA893500435AE7 /* RxCocoa */; };
		57C97FD32AFA893500435AE7 /* RxRelay in Frameworks */ = {isa = PBXBuildFile; productRef = 57C97FD22AFA893500435AE7 /* RxRelay */; };
		57C97FD52AFA893500435AE7 /* RxSwift in Frameworks */ = {isa = PBXBuildFile; productRef = 57C97FD42AFA893500435AE7 /* RxSwift */; };
		57C97FD82AFA95CF00435AE7 /* SnapKit in Frameworks */ = {isa = PBXBuildFile; productRef = 57C97FD72AFA95CF00435AE7 /* SnapKit */; };
		57C97FDD2AFAA2D900435AE7 /* ShoppingMainView.swift in Sources */ = {isa = PBXBuildFile; fileRef = 57C97FDC2AFAA2D900435AE7 /* ShoppingMainView.swift */; };
		57C97FE02AFAA33E00435AE7 /* ShoppingTableViewCell.swift in Sources */ = {isa = PBXBuildFile; fileRef = 57C97FDF2AFAA33E00435AE7 /* ShoppingTableViewCell.swift */; };
		57C97FE32AFAA9E000435AE7 /* ShoppingViewModel.swift in Sources */ = {isa = PBXBuildFile; fileRef = 57C97FE22AFAA9E000435AE7 /* ShoppingViewModel.swift */; };
		57C97FEF2AFBDD2400435AE7 /* Realm in Frameworks */ = {isa = PBXBuildFile; productRef = 57C97FEE2AFBDD2400435AE7 /* Realm */; };
		57C97FF12AFBDD2400435AE7 /* RealmSwift in Frameworks */ = {isa = PBXBuildFile; productRef = 57C97FF02AFBDD2400435AE7 /* RealmSwift */; };
		57C97FF32AFBDF8100435AE7 /* ShoppingTodo.swift in Sources */ = {isa = PBXBuildFile; fileRef = 57C97FF22AFBDF8100435AE7 /* ShoppingTodo.swift */; };
		57C980052AFCE8F200435AE7 /* DetailViewController.swift in Sources */ = {isa = PBXBuildFile; fileRef = 57C980042AFCE8F200435AE7 /* DetailViewController.swift */; };
/* End PBXBuildFile section */

/* Begin PBXFileReference section */
		57C97FB82AFA88D300435AE7 /* ShoppingList.app */ = {isa = PBXFileReference; explicitFileType = wrapper.application; includeInIndex = 0; path = ShoppingList.app; sourceTree = BUILT_PRODUCTS_DIR; };
		57C97FBB2AFA88D300435AE7 /* AppDelegate.swift */ = {isa = PBXFileReference; lastKnownFileType = sourcecode.swift; path = AppDelegate.swift; sourceTree = "<group>"; };
		57C97FBD2AFA88D300435AE7 /* SceneDelegate.swift */ = {isa = PBXFileReference; lastKnownFileType = sourcecode.swift; path = SceneDelegate.swift; sourceTree = "<group>"; };
		57C97FBF2AFA88D300435AE7 /* ShoppingViewController.swift */ = {isa = PBXFileReference; lastKnownFileType = sourcecode.swift; path = ShoppingViewController.swift; sourceTree = "<group>"; };
		57C97FC42AFA88D700435AE7 /* Assets.xcassets */ = {isa = PBXFileReference; lastKnownFileType = folder.assetcatalog; path = Assets.xcassets; sourceTree = "<group>"; };
		57C97FC72AFA88D700435AE7 /* Base */ = {isa = PBXFileReference; lastKnownFileType = file.storyboard; name = Base; path = Base.lproj/LaunchScreen.storyboard; sourceTree = "<group>"; };
		57C97FC92AFA88D700435AE7 /* Info.plist */ = {isa = PBXFileReference; lastKnownFileType = text.plist.xml; path = Info.plist; sourceTree = "<group>"; };
		57C97FDC2AFAA2D900435AE7 /* ShoppingMainView.swift */ = {isa = PBXFileReference; lastKnownFileType = sourcecode.swift; path = ShoppingMainView.swift; sourceTree = "<group>"; };
		57C97FDF2AFAA33E00435AE7 /* ShoppingTableViewCell.swift */ = {isa = PBXFileReference; lastKnownFileType = sourcecode.swift; path = ShoppingTableViewCell.swift; sourceTree = "<group>"; };
		57C97FE22AFAA9E000435AE7 /* ShoppingViewModel.swift */ = {isa = PBXFileReference; lastKnownFileType = sourcecode.swift; path = ShoppingViewModel.swift; sourceTree = "<group>"; };
		57C97FF22AFBDF8100435AE7 /* ShoppingTodo.swift */ = {isa = PBXFileReference; lastKnownFileType = sourcecode.swift; path = ShoppingTodo.swift; sourceTree = "<group>"; };
		57C980042AFCE8F200435AE7 /* DetailViewController.swift */ = {isa = PBXFileReference; lastKnownFileType = sourcecode.swift; path = DetailViewController.swift; sourceTree = "<group>"; };
/* End PBXFileReference section */

/* Begin PBXFrameworksBuildPhase section */
		57C97FB52AFA88D200435AE7 /* Frameworks */ = {
			isa = PBXFrameworksBuildPhase;
			buildActionMask = 2147483647;
			files = (
				57C97FF12AFBDD2400435AE7 /* RealmSwift in Frameworks */,
				57C97FD52AFA893500435AE7 /* RxSwift in Frameworks */,
				57C97FD82AFA95CF00435AE7 /* SnapKit in Frameworks */,
				57C97FD32AFA893500435AE7 /* RxRelay in Frameworks */,
				57C97FD12AFA893500435AE7 /* RxCocoa in Frameworks */,
				57C97FEF2AFBDD2400435AE7 /* Realm in Frameworks */,
			);
			runOnlyForDeploymentPostprocessing = 0;
		};
/* End PBXFrameworksBuildPhase section */

/* Begin PBXGroup section */
		57C97FAF2AFA88D200435AE7 = {
			isa = PBXGroup;
			children = (
				57C97FBA2AFA88D300435AE7 /* ShoppingList */,
				57C97FB92AFA88D300435AE7 /* Products */,
			);
			sourceTree = "<group>";
		};
		57C97FB92AFA88D300435AE7 /* Products */ = {
			isa = PBXGroup;
			children = (
				57C97FB82AFA88D300435AE7 /* ShoppingList.app */,
			);
			name = Products;
			sourceTree = "<group>";
		};
		57C97FBA2AFA88D300435AE7 /* ShoppingList */ = {
			isa = PBXGroup;
			children = (
				57C97FBB2AFA88D300435AE7 /* AppDelegate.swift */,
				57C97FBD2AFA88D300435AE7 /* SceneDelegate.swift */,
				57C97FDA2AFAA2BF00435AE7 /* Scene */,
				57C97FC62AFA88D700435AE7 /* LaunchScreen.storyboard */,
				57C97FC42AFA88D700435AE7 /* Assets.xcassets */,
				57C97FC92AFA88D700435AE7 /* Info.plist */,
			);
			path = ShoppingList;
			sourceTree = "<group>";
		};
		57C97FD92AFAA2B200435AE7 /* Shopping */ = {
			isa = PBXGroup;
			children = (
				57C97FFD2AFCCD5400435AE7 /* Model */,
				57C97FDB2AFAA2CA00435AE7 /* View */,
				57C97FE12AFAA9C600435AE7 /* ViewModel */,
			);
			path = Shopping;
			sourceTree = "<group>";
		};
		57C97FDA2AFAA2BF00435AE7 /* Scene */ = {
			isa = PBXGroup;
			children = (
				57C980032AFCE8E900435AE7 /* Detail */,
				57C97FD92AFAA2B200435AE7 /* Shopping */,
			);
			path = Scene;
			sourceTree = "<group>";
		};
		57C97FDB2AFAA2CA00435AE7 /* View */ = {
			isa = PBXGroup;
			children = (
				57C97FBF2AFA88D300435AE7 /* ShoppingViewController.swift */,
				57C97FDC2AFAA2D900435AE7 /* ShoppingMainView.swift */,
				57C97FDE2AFAA31700435AE7 /* TableView */,
			);
			path = View;
			sourceTree = "<group>";
		};
		57C97FDE2AFAA31700435AE7 /* TableView */ = {
			isa = PBXGroup;
			children = (
				57C97FDF2AFAA33E00435AE7 /* ShoppingTableViewCell.swift */,
			);
			path = TableView;
			sourceTree = "<group>";
		};
		57C97FE12AFAA9C600435AE7 /* ViewModel */ = {
			isa = PBXGroup;
			children = (
				57C97FE22AFAA9E000435AE7 /* ShoppingViewModel.swift */,
			);
			name = ViewModel;
			sourceTree = "<group>";
		};
		57C97FFD2AFCCD5400435AE7 /* Model */ = {
			isa = PBXGroup;
			children = (
				57C97FF22AFBDF8100435AE7 /* ShoppingTodo.swift */,
			);
			path = Model;
			sourceTree = "<group>";
		};
		57C980032AFCE8E900435AE7 /* Detail */ = {
			isa = PBXGroup;
			children = (
				57C980042AFCE8F200435AE7 /* DetailViewController.swift */,
			);
			path = Detail;
			sourceTree = "<group>";
		};
/* End PBXGroup section */

/* Begin PBXNativeTarget section */
		57C97FB72AFA88D200435AE7 /* ShoppingList */ = {
			isa = PBXNativeTarget;
			buildConfigurationList = 57C97FCC2AFA88D700435AE7 /* Build configuration list for PBXNativeTarget "ShoppingList" */;
			buildPhases = (
				57C97FB42AFA88D200435AE7 /* Sources */,
				57C97FB52AFA88D200435AE7 /* Frameworks */,
				57C97FB62AFA88D200435AE7 /* Resources */,
			);
			buildRules = (
			);
			dependencies = (
			);
			name = ShoppingList;
			packageProductDependencies = (
				57C97FD02AFA893500435AE7 /* RxCocoa */,
				57C97FD22AFA893500435AE7 /* RxRelay */,
				57C97FD42AFA893500435AE7 /* RxSwift */,
				57C97FD72AFA95CF00435AE7 /* SnapKit */,
				57C97FEE2AFBDD2400435AE7 /* Realm */,
				57C97FF02AFBDD2400435AE7 /* RealmSwift */,
			);
			productName = ShoppingList;
			productReference = 57C97FB82AFA88D300435AE7 /* ShoppingList.app */;
			productType = "com.apple.product-type.application";
		};
/* End PBXNativeTarget section */

/* Begin PBXProject section */
		57C97FB02AFA88D200435AE7 /* Project object */ = {
			isa = PBXProject;
			attributes = {
				BuildIndependentTargetsInParallel = 1;
				LastSwiftUpdateCheck = 1420;
				LastUpgradeCheck = 1420;
				TargetAttributes = {
					57C97FB72AFA88D200435AE7 = {
						CreatedOnToolsVersion = 14.2;
					};
				};
			};
			buildConfigurationList = 57C97FB32AFA88D200435AE7 /* Build configuration list for PBXProject "ShoppingList" */;
			compatibilityVersion = "Xcode 14.0";
			developmentRegion = en;
			hasScannedForEncodings = 0;
			knownRegions = (
				en,
				Base,
			);
			mainGroup = 57C97FAF2AFA88D200435AE7;
			packageReferences = (
				57C97FCF2AFA893500435AE7 /* XCRemoteSwiftPackageReference "RxSwift" */,
				57C97FD62AFA95CF00435AE7 /* XCRemoteSwiftPackageReference "SnapKit" */,
				57C97FED2AFBDD2400435AE7 /* XCRemoteSwiftPackageReference "realm-swift" */,
			);
			productRefGroup = 57C97FB92AFA88D300435AE7 /* Products */;
			projectDirPath = "";
			projectRoot = "";
			targets = (
				57C97FB72AFA88D200435AE7 /* ShoppingList */,
			);
		};
/* End PBXProject section */

/* Begin PBXResourcesBuildPhase section */
		57C97FB62AFA88D200435AE7 /* Resources */ = {
			isa = PBXResourcesBuildPhase;
			buildActionMask = 2147483647;
			files = (
				57C97FC82AFA88D700435AE7 /* LaunchScreen.storyboard in Resources */,
				57C97FC52AFA88D700435AE7 /* Assets.xcassets in Resources */,
			);
			runOnlyForDeploymentPostprocessing = 0;
		};
/* End PBXResourcesBuildPhase section */

/* Begin PBXSourcesBuildPhase section */
		57C97FB42AFA88D200435AE7 /* Sources */ = {
			isa = PBXSourcesBuildPhase;
			buildActionMask = 2147483647;
			files = (
				57C980052AFCE8F200435AE7 /* DetailViewController.swift in Sources */,
				57C97FF32AFBDF8100435AE7 /* ShoppingTodo.swift in Sources */,
				57C97FE02AFAA33E00435AE7 /* ShoppingTableViewCell.swift in Sources */,
				57C97FC02AFA88D300435AE7 /* ShoppingViewController.swift in Sources */,
				57C97FDD2AFAA2D900435AE7 /* ShoppingMainView.swift in Sources */,
				57C97FBC2AFA88D300435AE7 /* AppDelegate.swift in Sources */,
				57C97FE32AFAA9E000435AE7 /* ShoppingViewModel.swift in Sources */,
				57C97FBE2AFA88D300435AE7 /* SceneDelegate.swift in Sources */,
			);
			runOnlyForDeploymentPostprocessing = 0;
		};
/* End PBXSourcesBuildPhase section */

/* Begin PBXVariantGroup section */
		57C97FC62AFA88D700435AE7 /* LaunchScreen.storyboard */ = {
			isa = PBXVariantGroup;
			children = (
				57C97FC72AFA88D700435AE7 /* Base */,
			);
			name = LaunchScreen.storyboard;
			sourceTree = "<group>";
		};
/* End PBXVariantGroup section */

/* Begin XCBuildConfiguration section */
		57C97FCA2AFA88D700435AE7 /* Debug */ = {
			isa = XCBuildConfiguration;
			buildSettings = {
				ALWAYS_SEARCH_USER_PATHS = NO;
				CLANG_ANALYZER_NONNULL = YES;
				CLANG_ANALYZER_NUMBER_OBJECT_CONVERSION = YES_AGGRESSIVE;
				CLANG_CXX_LANGUAGE_STANDARD = "gnu++20";
				CLANG_ENABLE_MODULES = YES;
				CLANG_ENABLE_OBJC_ARC = YES;
				CLANG_ENABLE_OBJC_WEAK = YES;
				CLANG_WARN_BLOCK_CAPTURE_AUTORELEASING = YES;
				CLANG_WARN_BOOL_CONVERSION = YES;
				CLANG_WARN_COMMA = YES;
				CLANG_WARN_CONSTANT_CONVERSION = YES;
				CLANG_WARN_DEPRECATED_OBJC_IMPLEMENTATIONS = YES;
				CLANG_WARN_DIRECT_OBJC_ISA_USAGE = YES_ERROR;
				CLANG_WARN_DOCUMENTATION_COMMENTS = YES;
				CLANG_WARN_EMPTY_BODY = YES;
				CLANG_WARN_ENUM_CONVERSION = YES;
				CLANG_WARN_INFINITE_RECURSION = YES;
				CLANG_WARN_INT_CONVERSION = YES;
				CLANG_WARN_NON_LITERAL_NULL_CONVERSION = YES;
				CLANG_WARN_OBJC_IMPLICIT_RETAIN_SELF = YES;
				CLANG_WARN_OBJC_LITERAL_CONVERSION = YES;
				CLANG_WARN_OBJC_ROOT_CLASS = YES_ERROR;
				CLANG_WARN_QUOTED_INCLUDE_IN_FRAMEWORK_HEADER = YES;
				CLANG_WARN_RANGE_LOOP_ANALYSIS = YES;
				CLANG_WARN_STRICT_PROTOTYPES = YES;
				CLANG_WARN_SUSPICIOUS_MOVE = YES;
				CLANG_WARN_UNGUARDED_AVAILABILITY = YES_AGGRESSIVE;
				CLANG_WARN_UNREACHABLE_CODE = YES;
				CLANG_WARN__DUPLICATE_METHOD_MATCH = YES;
				COPY_PHASE_STRIP = NO;
				DEBUG_INFORMATION_FORMAT = dwarf;
				ENABLE_STRICT_OBJC_MSGSEND = YES;
				ENABLE_TESTABILITY = YES;
				GCC_C_LANGUAGE_STANDARD = gnu11;
				GCC_DYNAMIC_NO_PIC = NO;
				GCC_NO_COMMON_BLOCKS = YES;
				GCC_OPTIMIZATION_LEVEL = 0;
				GCC_PREPROCESSOR_DEFINITIONS = (
					"DEBUG=1",
					"$(inherited)",
				);
				GCC_WARN_64_TO_32_BIT_CONVERSION = YES;
				GCC_WARN_ABOUT_RETURN_TYPE = YES_ERROR;
				GCC_WARN_UNDECLARED_SELECTOR = YES;
				GCC_WARN_UNINITIALIZED_AUTOS = YES_AGGRESSIVE;
				GCC_WARN_UNUSED_FUNCTION = YES;
				GCC_WARN_UNUSED_VARIABLE = YES;
				IPHONEOS_DEPLOYMENT_TARGET = 16.2;
				MTL_ENABLE_DEBUG_INFO = INCLUDE_SOURCE;
				MTL_FAST_MATH = YES;
				ONLY_ACTIVE_ARCH = YES;
				SDKROOT = iphoneos;
				SWIFT_ACTIVE_COMPILATION_CONDITIONS = DEBUG;
				SWIFT_OPTIMIZATION_LEVEL = "-Onone";
			};
			name = Debug;
		};
		57C97FCB2AFA88D700435AE7 /* Release */ = {
			isa = XCBuildConfiguration;
			buildSettings = {
				ALWAYS_SEARCH_USER_PATHS = NO;
				CLANG_ANALYZER_NONNULL = YES;
				CLANG_ANALYZER_NUMBER_OBJECT_CONVERSION = YES_AGGRESSIVE;
				CLANG_CXX_LANGUAGE_STANDARD = "gnu++20";
				CLANG_ENABLE_MODULES = YES;
				CLANG_ENABLE_OBJC_ARC = YES;
				CLANG_ENABLE_OBJC_WEAK = YES;
				CLANG_WARN_BLOCK_CAPTURE_AUTORELEASING = YES;
				CLANG_WARN_BOOL_CONVERSION = YES;
				CLANG_WARN_COMMA = YES;
				CLANG_WARN_CONSTANT_CONVERSION = YES;
				CLANG_WARN_DEPRECATED_OBJC_IMPLEMENTATIONS = YES;
				CLANG_WARN_DIRECT_OBJC_ISA_USAGE = YES_ERROR;
				CLANG_WARN_DOCUMENTATION_COMMENTS = YES;
				CLANG_WARN_EMPTY_BODY = YES;
				CLANG_WARN_ENUM_CONVERSION = YES;
				CLANG_WARN_INFINITE_RECURSION = YES;
				CLANG_WARN_INT_CONVERSION = YES;
				CLANG_WARN_NON_LITERAL_NULL_CONVERSION = YES;
				CLANG_WARN_OBJC_IMPLICIT_RETAIN_SELF = YES;
				CLANG_WARN_OBJC_LITERAL_CONVERSION = YES;
				CLANG_WARN_OBJC_ROOT_CLASS = YES_ERROR;
				CLANG_WARN_QUOTED_INCLUDE_IN_FRAMEWORK_HEADER = YES;
				CLANG_WARN_RANGE_LOOP_ANALYSIS = YES;
				CLANG_WARN_STRICT_PROTOTYPES = YES;
				CLANG_WARN_SUSPICIOUS_MOVE = YES;
				CLANG_WARN_UNGUARDED_AVAILABILITY = YES_AGGRESSIVE;
				CLANG_WARN_UNREACHABLE_CODE = YES;
				CLANG_WARN__DUPLICATE_METHOD_MATCH = YES;
				COPY_PHASE_STRIP = NO;
				DEBUG_INFORMATION_FORMAT = "dwarf-with-dsym";
				ENABLE_NS_ASSERTIONS = NO;
				ENABLE_STRICT_OBJC_MSGSEND = YES;
				GCC_C_LANGUAGE_STANDARD = gnu11;
				GCC_NO_COMMON_BLOCKS = YES;
				GCC_WARN_64_TO_32_BIT_CONVERSION = YES;
				GCC_WARN_ABOUT_RETURN_TYPE = YES_ERROR;
				GCC_WARN_UNDECLARED_SELECTOR = YES;
				GCC_WARN_UNINITIALIZED_AUTOS = YES_AGGRESSIVE;
				GCC_WARN_UNUSED_FUNCTION = YES;
				GCC_WARN_UNUSED_VARIABLE = YES;
				IPHONEOS_DEPLOYMENT_TARGET = 16.2;
				MTL_ENABLE_DEBUG_INFO = NO;
				MTL_FAST_MATH = YES;
				SDKROOT = iphoneos;
				SWIFT_COMPILATION_MODE = wholemodule;
				SWIFT_OPTIMIZATION_LEVEL = "-O";
				VALIDATE_PRODUCT = YES;
			};
			name = Release;
		};
		57C97FCD2AFA88D700435AE7 /* Debug */ = {
			isa = XCBuildConfiguration;
			buildSettings = {
				ASSETCATALOG_COMPILER_APPICON_NAME = AppIcon;
				ASSETCATALOG_COMPILER_GLOBAL_ACCENT_COLOR_NAME = AccentColor;
				CODE_SIGN_STYLE = Automatic;
				CURRENT_PROJECT_VERSION = 1;
				DEVELOPMENT_TEAM = 86BUJA8T6M;
				GENERATE_INFOPLIST_FILE = YES;
				INFOPLIST_FILE = ShoppingList/Info.plist;
				INFOPLIST_KEY_UIApplicationSupportsIndirectInputEvents = YES;
				INFOPLIST_KEY_UILaunchStoryboardName = LaunchScreen;
				INFOPLIST_KEY_UISupportedInterfaceOrientations_iPad = "UIInterfaceOrientationPortrait UIInterfaceOrientationPortraitUpsideDown UIInterfaceOrientationLandscapeLeft UIInterfaceOrientationLandscapeRight";
				INFOPLIST_KEY_UISupportedInterfaceOrientations_iPhone = "UIInterfaceOrientationPortrait UIInterfaceOrientationLandscapeLeft UIInterfaceOrientationLandscapeRight";
				LD_RUNPATH_SEARCH_PATHS = (
					"$(inherited)",
					"@executable_path/Frameworks",
				);
				MARKETING_VERSION = 1.0;
				PRODUCT_BUNDLE_IDENTIFIER = com.prodvssw.98.ShoppingList;
				PRODUCT_NAME = "$(TARGET_NAME)";
				SWIFT_EMIT_LOC_STRINGS = YES;
				SWIFT_VERSION = 5.0;
				TARGETED_DEVICE_FAMILY = "1,2";
			};
			name = Debug;
		};
		57C97FCE2AFA88D700435AE7 /* Release */ = {
			isa = XCBuildConfiguration;
			buildSettings = {
				ASSETCATALOG_COMPILER_APPICON_NAME = AppIcon;
				ASSETCATALOG_COMPILER_GLOBAL_ACCENT_COLOR_NAME = AccentColor;
				CODE_SIGN_STYLE = Automatic;
				CURRENT_PROJECT_VERSION = 1;
				DEVELOPMENT_TEAM = 86BUJA8T6M;
				GENERATE_INFOPLIST_FILE = YES;
				INFOPLIST_FILE = ShoppingList/Info.plist;
				INFOPLIST_KEY_UIApplicationSupportsIndirectInputEvents = YES;
				INFOPLIST_KEY_UILaunchStoryboardName = LaunchScreen;
				INFOPLIST_KEY_UISupportedInterfaceOrientations_iPad = "UIInterfaceOrientationPortrait UIInterfaceOrientationPortraitUpsideDown UIInterfaceOrientationLandscapeLeft UIInterfaceOrientationLandscapeRight";
				INFOPLIST_KEY_UISupportedInterfaceOrientations_iPhone = "UIInterfaceOrientationPortrait UIInterfaceOrientationLandscapeLeft UIInterfaceOrientationLandscapeRight";
				LD_RUNPATH_SEARCH_PATHS = (
					"$(inherited)",
					"@executable_path/Frameworks",
				);
				MARKETING_VERSION = 1.0;
				PRODUCT_BUNDLE_IDENTIFIER = com.prodvssw.98.ShoppingList;
				PRODUCT_NAME = "$(TARGET_NAME)";
				SWIFT_EMIT_LOC_STRINGS = YES;
				SWIFT_VERSION = 5.0;
				TARGETED_DEVICE_FAMILY = "1,2";
			};
			name = Release;
		};
/* End XCBuildConfiguration section */

/* Begin XCConfigurationList section */
		57C97FB32AFA88D200435AE7 /* Build configuration list for PBXProject "ShoppingList" */ = {
			isa = XCConfigurationList;
			buildConfigurations = (
				57C97FCA2AFA88D700435AE7 /* Debug */,
				57C97FCB2AFA88D700435AE7 /* Release */,
			);
			defaultConfigurationIsVisible = 0;
			defaultConfigurationName = Release;
		};
		57C97FCC2AFA88D700435AE7 /* Build configuration list for PBXNativeTarget "ShoppingList" */ = {
			isa = XCConfigurationList;
			buildConfigurations = (
				57C97FCD2AFA88D700435AE7 /* Debug */,
				57C97FCE2AFA88D700435AE7 /* Release */,
			);
			defaultConfigurationIsVisible = 0;
			defaultConfigurationName = Release;
		};
/* End XCConfigurationList section */

/* Begin XCRemoteSwiftPackageReference section */
		57C97FCF2AFA893500435AE7 /* XCRemoteSwiftPackageReference "RxSwift" */ = {
			isa = XCRemoteSwiftPackageReference;
			repositoryURL = "https://github.com/ReactiveX/RxSwift.git";
			requirement = {
				kind = upToNextMajorVersion;
				minimumVersion = 6.0.0;
			};
		};
		57C97FD62AFA95CF00435AE7 /* XCRemoteSwiftPackageReference "SnapKit" */ = {
			isa = XCRemoteSwiftPackageReference;
			repositoryURL = "https://github.com/SnapKit/SnapKit.git";
			requirement = {
				kind = upToNextMajorVersion;
				minimumVersion = 5.0.0;
			};
		};
		57C97FED2AFBDD2400435AE7 /* XCRemoteSwiftPackageReference "realm-swift" */ = {
			isa = XCRemoteSwiftPackageReference;
			repositoryURL = "https://github.com/realm/realm-swift.git";
			requirement = {
				kind = upToNextMajorVersion;
				minimumVersion = 10.43.0;
			};
		};
/* End XCRemoteSwiftPackageReference section */

/* Begin XCSwiftPackageProductDependency section */
		57C97FD02AFA893500435AE7 /* RxCocoa */ = {
			isa = XCSwiftPackageProductDependency;
			package = 57C97FCF2AFA893500435AE7 /* XCRemoteSwiftPackageReference "RxSwift" */;
			productName = RxCocoa;
		};
		57C97FD22AFA893500435AE7 /* RxRelay */ = {
			isa = XCSwiftPackageProductDependency;
			package = 57C97FCF2AFA893500435AE7 /* XCRemoteSwiftPackageReference "RxSwift" */;
			productName = RxRelay;
		};
		57C97FD42AFA893500435AE7 /* RxSwift */ = {
			isa = XCSwiftPackageProductDependency;
			package = 57C97FCF2AFA893500435AE7 /* XCRemoteSwiftPackageReference "RxSwift" */;
			productName = RxSwift;
		};
		57C97FD72AFA95CF00435AE7 /* SnapKit */ = {
			isa = XCSwiftPackageProductDependency;
			package = 57C97FD62AFA95CF00435AE7 /* XCRemoteSwiftPackageReference "SnapKit" */;
			productName = SnapKit;
		};
		57C97FEE2AFBDD2400435AE7 /* Realm */ = {
			isa = XCSwiftPackageProductDependency;
			package = 57C97FED2AFBDD2400435AE7 /* XCRemoteSwiftPackageReference "realm-swift" */;
			productName = Realm;
		};
		57C97FF02AFBDD2400435AE7 /* RealmSwift */ = {
			isa = XCSwiftPackageProductDependency;
			package = 57C97FED2AFBDD2400435AE7 /* XCRemoteSwiftPackageReference "realm-swift" */;
			productName = RealmSwift;
		};
/* End XCSwiftPackageProductDependency section */
	};
	rootObject = 57C97FB02AFA88D200435AE7 /* Project object */;
}
